version = 1
revision = 3
requires-python = ">=3.13"

[[package]]
name = "asgiref"
version = "3.11.1"
source = { registry = "https://pypi.org/simple" }
sdist = { url = "https://files.pythonhosted.org/packages/63/40/f03da1264ae8f7cfdbf9146542e5e7e8100a4c66ab48e791df9a03d3f6c0/asgiref-3.11.1.tar.gz", hash = "sha256:5f184dc43b7e763efe848065441eac62229c9f7b0475f41f80e207a114eda4ce", size = 38550, upload-time = "2026-02-03T13:30:14.33Z" }
wheels = [
    { url = "https://files.pythonhosted.org/packages/5c/0a/a72d10ed65068e115044937873362e6e32fab1b7dce0046aeb224682c989/asgiref-3.11.1-py3-none-any.whl", hash = "sha256:e8667a091e69529631969fd45dc268fa79b99c92c5fcdda727757e52146ec133", size = 24345, upload-time = "2026-02-03T13:30:13.039Z" },
]

[[package]]
name = "dj-database-url"
version = "3.1.2"
source = { registry = "https://pypi.org/simple" }
dependencies = [
    { name = "django" },
]
sdist = { url = "https://files.pythonhosted.org/packages/03/f6/00b625e9d371b980aa261011d0dc906a16444cb688f94215e0dc86996eb5/dj_database_url-3.1.2.tar.gz", hash = "sha256:63c20e4bbaa51690dfd4c8d189521f6bf6bc9da9fcdb23d95d2ee8ee87f9ec62", size = 11490, upload-time = "2026-02-19T15:30:23.638Z" }
wheels = [
    { url = "https://files.pythonhosted.org/packages/cf/a9/57c66006373381f1d3e5bd94216f1d371228a89f443d3030e010f73dd198/dj_database_url-3.1.2-py3-none-any.whl", hash = "sha256:544e015fee3efa5127a1eb1cca465f4ace578265b3671fe61d0ed7dbafb5ec8a", size = 8953, upload-time = "2026-02-19T15:30:39.37Z" },
]

[[package]]
name = "django"
version = "6.0.6"
source = { registry = "https://pypi.org/simple" }
dependencies = [
    { name = "asgiref" },
    { name = "sqlparse" },
    { name = "tzdata", marker = "sys_platform == 'win32'" },
]
sdist = { url = "https://files.pythonhosted.org/packages/78/29/ac41e16097af67066d97a7d5775c5d8e7efc5d0284f6b0a159e07b9adb92/django-6.0.6.tar.gz", hash = "sha256:ad03916ba59523d781ae5c3f631960c23d69a9d9c43cecda52fc23b47e953713", size = 10905525, upload-time = "2026-06-03T13:02:46.503Z" }
wheels = [
    { url = "https://files.pythonhosted.org/packages/eb/50/23f9dc45483419a3cc2085b498b25adfbf10642b2941c73e6d2dfaffc9ab/django-6.0.6-py3-none-any.whl", hash = "sha256:25148b1194c47c2e685e5f5e9c5d59c78b075dfd282cb9618861ba6c1708f4d2", size = 8373354, upload-time = "2026-06-03T13:02:41.72Z" },
]

[[package]]
name = "django-backend"
version = "0.1.0"
source = { virtual = "." }
dependencies = [
    { name = "dj-database-url" },
    { name = "django" },
    { name = "django-cors-headers" },
    { name = "djangorestframework" },
    { name = "gunicorn" },
    { name = "langcodes", extra = ["data"] },
    { name = "psycopg", extra = ["binary"] },
    { name = "python-dotenv" },
    { name = "whitenoise" },
    { name = "yt-dlp" },
]

[package.metadata]
requires-dist = [
    { name = "dj-database-url", specifier = ">=2.3" },
    { name = "django", specifier = ">=6.0.6" },
    { name = "django-cors-headers", specifier = ">=4.7.0" },
    { name = "djangorestframework", specifier = ">=3.17.1" },
    { name = "gunicorn", specifier = ">=23.0" },
    { name = "langcodes", extras = ["data"], specifier = ">=3.4" },
    { name = "psycopg", extras = ["binary"], specifier = ">=3.2" },
    { name = "python-dotenv", specifier = ">=1.2.2" },
    { name = "whitenoise", specifier = ">=6.9" },
    { name = "yt-dlp", specifier = ">=2024.1.1" },
]

[[package]]
name = "django-cors-headers"
version = "4.9.0"
source = { registry = "https://pypi.org/simple" }
dependencies = [
    { name = "asgiref" },
    { name = "django" },
]
sdist = { url = "https://files.pythonhosted.org/packages/21/39/55822b15b7ec87410f34cd16ce04065ff390e50f9e29f31d6d116fc80456/django_cors_headers-4.9.0.tar.gz", hash = "sha256:fe5d7cb59fdc2c8c646ce84b727ac2bca8912a247e6e68e1fb507372178e59e8", size = 21458, upload-time = "2025-09-18T10:40:52.326Z" }
wheels = [
    { url = "https://files.pythonhosted.org/packages/30/d8/19ed1e47badf477d17fb177c1c19b5a21da0fd2d9f093f23be3fb86c5fab/django_cors_headers-4.9.0-py3-none-any.whl", hash = "sha256:15c7f20727f90044dcee2216a9fd7303741a864865f0c3657e28b7056f61b449", size = 12809, upload-time = "2025-09-18T10:40:50.843Z" },
]

[[package]]
name = "djangorestframework"
version = "3.17.1"
source = { registry = "https://pypi.org/simple" }
dependencies = [
    { name = "django" },
]
sdist = { url = "https://files.pythonhosted.org/packages/ca/d7/c016e69fac19ff8afdc89db9d31d9ae43ae031e4d1993b20aca179b8301a/djangorestframework-3.17.1.tar.gz", hash = "sha256:a6def5f447fe78ff853bff1d47a3c59bf38f5434b031780b351b0c73a62db1a5", size = 905742, upload-time = "2026-03-24T16:58:33.705Z" }
wheels = [
    { url = "https://files.pythonhosted.org/packages/5a/e1/2c516bdc83652b1a60c6119366ac2c0607b479ed05cd6093f916ca8928f8/djangorestframework-3.17.1-py3-none-any.whl", hash = "sha256:c3c74dd3e83a5a3efc37b3c18d92bd6f86a6791c7b7d4dff62bb068500e76457", size = 898844, upload-time = "2026-03-24T16:58:31.845Z" },
]

[[package]]
name = "gunicorn"
version = "26.0.0"
source = { registry = "https://pypi.org/simple" }
dependencies = [
    { name = "packaging" },
]
sdist = { url = "https://files.pythonhosted.org/packages/6d/b7/a4a3f632f823e432ce6bc65f62961b7980c898c77f075a2f7118cb3846fe/gunicorn-26.0.0.tar.gz", hash = "sha256:ca9346f85e3a4aeeb64d491045c16b9a35647abd37ea15efe53080eb8b090baf", size = 727286, upload-time = "2026-05-05T06:38:25.529Z" }
wheels = [
    { url = "https://files.pythonhosted.org/packages/e6/40/9c2384fc2be4ad25dd4a49decd5ad9ea5a3639814c11bd40ab77cb9f0a14/gunicorn-26.0.0-py3-none-any.whl", hash = "sha256:40233d26a5f0d1872916188c276e21641155111c2853f0c2cd55260aec0d24fc", size = 212009, upload-time = "2026-05-05T06:38:23.007Z" },
]

[[package]]
name = "langcodes"
version = "3.5.1"
source = { registry = "https://pypi.org/simple" }
sdist = { url = "https://files.pythonhosted.org/packages/a9/75/f9edc5d72945019312f359e69ded9f82392a81d49c5051ed3209b100c0d2/langcodes-3.5.1.tar.gz", hash = "sha256:40bff315e01b01d11c2ae3928dd4f5cbd74dd38f9bd912c12b9a3606c143f731", size = 191084, upload-time = "2025-12-02T16:22:01.627Z" }
wheels = [
    { url = "https://files.pythonhosted.org/packages/dd/c1/d10b371bcba7abce05e2b33910e39c33cfa496a53f13640b7b8e10bb4d2b/langcodes-3.5.1-py3-none-any.whl", hash = "sha256:b6a9c25c603804e2d169165091d0cdb23934610524a21d226e4f463e8e958a72", size = 183050, upload-time = "2025-12-02T16:21:59.954Z" },
]

[package.optional-dependencies]
data = [
    { name = "language-data" },
]

[[package]]
name = "language-data"
version = "1.4.0"
source = { registry = "https://pypi.org/simple" }
dependencies = [
    { name = "marisa-trie" },
]
sdist = { url = "https://files.pythonhosted.org/packages/61/50/2518b4d0805f4d1f10166837829ad0bd71dcee3ec33fa84aa8c0db23c13c/language_data-1.4.0.tar.gz", hash = "sha256:800e6457e7beda781c156e02d7707e38db2ded026472e07e2c055dc8446ee574", size = 5309660, upload-time = "2025-11-28T13:45:25.217Z" }
wheels = [
    { url = "https://files.pythonhosted.org/packages/ad/d1/68e2bcca94c9bbdc122a71e504e0b6a6c3e31541b1bad33fee0205996006/language_data-1.4.0-py3-none-any.whl", hash = "sha256:f741927c24ab14cbed2a57bc2bfe82b00cff266c427179597e8b14123364f084", size = 5572678, upload-time = "2025-11-28T13:45:23.381Z" },
]

[[package]]
name = "marisa-trie"
version = "1.4.1"
source = { registry = "https://pypi.org/simple" }
sdist = { url = "https://files.pythonhosted.org/packages/77/5d/e235921b5b74818cb65b557fa05cc6201c2c1612d4866ff75c835bcf808d/marisa_trie-1.4.1.tar.gz", hash = "sha256:44ce3bdbeb7c950d463e460184fc3e18702df9ef0edb826bac672fd789fb1d20", size = 261581, upload-time = "2026-04-08T07:17:52.991Z" }
wheels = [
    { url = "https://files.pythonhosted.org/packages/91/df/a6b189cfdfc45fc402833fa067b1625a8ec4ef5446a8d7c08c5c84ea835e/marisa_trie-1.4.1-cp313-cp313-macosx_10_13_x86_64.whl", hash = "sha256:cde5209f0904209866e5c2ff5bdadc3d57bc9368ad3e26eac72a16d863e83dc0", size = 206631, upload-time = "2026-04-08T07:16:51.18Z" },
    { url = "https://files.pythonhosted.org/packages/4f/1b/7b03330888306166e96801acb5086eaf5ddc112d2ab8c03c8de478da7346/marisa_trie-1.4.1-cp313-cp313-macosx_11_0_arm64.whl", hash = "sha256:21ff39c29d900b44876913c96d0e2c550417450340fef5c8848111796a7f9de1", size = 190110, upload-time = "2026-04-08T07:16:52.276Z" },
    { url = "https://files.pythonhosted.org/packages/dc/41/6ae103ef7448320a7324f9866a253d595159ffe367c11e06baabb92ca4d2/marisa_trie-1.4.1-cp313-cp313-manylinux_2_24_aarch64.manylinux_2_28_aarch64.whl", hash = "sha256:84ce9b69a0516a52169d28e27ea14f015f6daf467fc8cb661eb841565d728ccf", size = 1474539, upload-time = "2026-04-08T07:16:53.924Z" },
    { url = "https://files.pythonhosted.org/packages/1b/dc/cbb5e8416ff5d193847b0e838b0b525773af7b6f4e1e4a33728d1b097fcb/marisa_trie-1.4.1-cp313-cp313-manylinux_2_24_x86_64.manylinux_2_28_x86_64.whl", hash = "sha256:eaa3db575cb757f98d2754bcab5e1e0b2a884dc611964ac2659be13b58ef32e8", size = 1501031, upload-time = "2026-04-08T07:16:55.554Z" },
    { url = "https://files.pythonhosted.org/packages/88/5c/ed86ad8683237dff8cdeb117b3b0664005e05bc221535301621ed474857d/marisa_trie-1.4.1-cp313-cp313-musllinux_1_2_aarch64.whl", hash = "sha256:71ab0be7b380d65871986d61839814153f55307ff593bac22109e65e804f07d4", size = 2397211, upload-time = "2026-04-08T07:16:57.199Z" },
    { url = "https://files.pythonhosted.org/packages/49/a3/2596d55ee48ed15a4d0de5a9ebd27de49888a029ffa521717c282df63efc/marisa_trie-1.4.1-cp313-cp313-musllinux_1_2_x86_64.whl", hash = "sha256:658f49e4e825b4e4257f53f455e214cd0e161ab326e569562cc8ff8f67a48506", size = 2498742, upload-time = "2026-04-08T07:16:58.779Z" },
    { url = "https://files.pythonhosted.org/packages/fe/d1/50c0ed09c99e4cd3ff7276f1a50a148c7bd4e585271215d3a05f74228bf9/marisa_trie-1.4.1-cp313-cp313-win32.whl", hash = "sha256:a56d6daf4449ae5f6825a03f9fabb97e56527fb44bc4a608944a872794f662d5", size = 138706, upload-time = "2026-04-08T07:17:00.258Z" },
    { url = "https://files.pythonhosted.org/packages/68/67/b35e8b14757ce5daffd5c4c1ab0bb9b3e3c7611e82fe5ab2707489a176c4/marisa_trie-1.4.1-cp313-cp313-win_amd64.whl", hash = "sha256:6a5d45561a5e6563a0f934899a097d69e74111181b162de4b64cceb31f1bf44b", size = 168903, upload-time = "2026-04-08T07:17:01.419Z" },
    { url = "https://files.pythonhosted.org/packages/da/91/bd06914afcb70710f684be44cf5435742d175d49c3de021ee62f7eb8c4e4/marisa_trie-1.4.1-cp313-cp313-win_arm64.whl", hash = "sha256:ab28fda06ef2e488240a17d3f9947447e7f1786ad04fb29584ab4a27fde656f4", size = 139620, upload-time = "2026-04-08T07:17:02.354Z" },
    { url = "https://files.pythonhosted.org/packages/75/b5/3823948064c63fd76777910b45481c6e251c9d4c3f261ca23d51b758dc91/marisa_trie-1.4.1-cp313-cp313t-macosx_10_13_x86_64.whl", hash = "sha256:efa5b4f8202c199ef7f4afe00ca4e406ea77b3940355595aabea8e9b393a22b1", size = 213383, upload-time = "2026-04-08T07:17:03.766Z" },
    { url = "https://files.pythonhosted.org/packages/ae/f1/5c77eea2ff285e47e8a523385f023075a452455ffa55804df95e4b569a12/marisa_trie-1.4.1-cp313-cp313t-macosx_11_0_arm64.whl", hash = "sha256:a8775892a5a96df359fa8853e6132b9504dfcc2ecebd27bb617cc5be6ffeb13d", size = 202037, upload-time = "2026-04-08T07:17:04.745Z" },
    { url = "https://files.pythonhosted.org/packages/2a/0d/0ea5e7f0aaa11c29aadaf121b6de275a6807d9712ef28ea4a6025bcab2e4/marisa_trie-1.4.1-cp313-cp313t-manylinux_2_24_aarch64.manylinux_2_28_aarch64.whl", hash = "sha256:cc68d4cdd7f1be60786888497f50c6fb8ad4f17bbec1d7accfc3fe69e725a329", size = 1542413, upload-time = "2026-04-08T07:17:06.247Z" },
    { url = "https://files.pythonhosted.org/packages/8a/a9/fe6aa360eba3178cd74796b5e0d6d07a1afabe5b09b54fa8c2aa693a53c8/marisa_trie-1.4.1-cp313-cp313t-manylinux_2_24_x86_64.manylinux_2_28_x86_64.whl", hash = "sha256:8e759fb722a16b7db6a5fcb2ffe8c2feabf4a6143b487d21388bc5c156a79e90", size = 1545503, upload-time = "2026-04-08T07:17:07.501Z" },
    { url = "https://files.pythonhosted.org/packages/60/42/2d80e091d2b92f7175be488f554565d0e0a432b1d61c4804177e0ec9ecce/marisa_trie-1.4.1-cp313-cp313t-musllinux_1_2_aarch64.whl", hash = "sha256:0666b071851fff8b687bc6c0c899c7ce1cb6119399ed8c3c4f4526aca876a5e2", size = 2447028, upload-time = "2026-04-08T07:17:09.29Z" },
    { url = "https://files.pythonhosted.org/packages/28/8b/f9cb7fab4a0053dd9caed573791ab292f8b890a31bd5f159ef21dbe40e63/marisa_trie-1.4.1-cp313-cp313t-musllinux_1_2_x86_64.whl", hash = "sha256:6e494d5e88da58695fa9e2efc222de808ebd36b306a2c7162256d00fb06e733e", size = 2536022, upload-time = "2026-04-08T07:17:11.222Z" },
    { url = "https://files.pythonhosted.org/packages/64/00/ad53cf35464937b7719ed7a6e21354418f998df9002944cfa5f14903f460/marisa_trie-1.4.1-cp313-cp313t-win32.whl", hash = "sha256:50b2bbfc6612e0b5f7bd399c3097e166e5dab2b79a58e9b956ef9127b90d2d6e", size = 153959, upload-time = "2026-04-08T07:17:12.799Z" },
    { url = "https://files.pythonhosted.org/packages/02/e5/89ae70c984c178a5cf0fa95c8c47aab129b73641ec3729ff56cc5039abc1/marisa_trie-1.4.1-cp313-cp313t-win_amd64.whl", hash = "sha256:932e97f23815c999d8d641f79c934fe1c841eab34bd01051552822e78bba919c", size = 186646, upload-time = "2026-04-08T07:17:13.88Z" },
    { url = "https://files.pythonhosted.org/packages/82/84/514da5bd3ee051e800caf1ce687b7727a92b643416cc678dc47d3eface97/marisa_trie-1.4.1-cp313-cp313t-win_arm64.whl", hash = "sha256:0b2e53f87c01b99c59cda37411a234c704a95d12f4787aeb29572fa9302f2b93", size = 146566, upload-time = "2026-04-08T07:17:15.175Z" },
    { url = "https://files.pythonhosted.org/packages/af/94/83532d3ddb47db51571f6005bf227676abb9f0b490e56faefeaa74303ad1/marisa_trie-1.4.1-cp314-cp314-macosx_10_15_x86_64.whl", hash = "sha256:4d8f3b6f7e93922d1a71c67cf285ddb5f7bc551407db2e12ba76a5f5df326449", size = 207601, upload-time = "2026-04-08T07:17:16.582Z" },
    { url = "https://files.pythonhosted.org/packages/52/0b/2a670dd3c163836e516181469e34d9abdd9fee7e88183bfd66dd3cdc0ecc/marisa_trie-1.4.1-cp314-cp314-macosx_11_0_arm64.whl", hash = "sha256:638fb84afc3219038648ea4814e4923914790d7e4491679ef14023459e4a8148", size = 192341, upload-time = "2026-04-08T07:17:17.773Z" },
    { url = "https://files.pythonhosted.org/packages/33/60/fddeebbc819873e3f23a09d01226e12911ee5d23252473bdf038aaf1c928/marisa_trie-1.4.1-cp314-cp314-manylinux_2_24_aarch64.manylinux_2_28_aarch64.whl", hash = "sha256:f5a6215df91c16ce4e2f674ee92a3352d4a0be30b0635ec60f4c2ef55cc7f0e2", size = 1474315, upload-time = "2026-04-08T07:17:19.117Z" },
    { url = "https://files.pythonhosted.org/packages/66/61/a4f1e474809cbb08df715d63f7680568d457c2b543a53964b969d94be7b0/marisa_trie-1.4.1-cp314-cp314-manylinux_2_24_x86_64.manylinux_2_28_x86_64.whl", hash = "sha256:0b99c8e692cec4e172a8362832d0b1149dc126591e49643dc0c128505ea7a1cd", size = 1491206, upload-time = "2026-04-08T07:17:20.382Z" },
    { url = "https://files.pythonhosted.org/packages/51/34/1fbe625a8644ee49a6829dc2a2a22d6be6ad2d26b8b06ffe22f8aa50b6eb/marisa_trie-1.4.1-cp314-cp314-musllinux_1_2_aarch64.whl", hash = "sha256:880606b64b776c0bbd85f89cbeabf294a33dd3820971618d28bcd12fe4d1406b", size = 2401513, upload-time = "2026-04-08T07:17:21.769Z" },
    { url = "https://files.pythonhosted.org/packages/72/ec/edf909d5770c75aef4c94bae7dbaba56e9877b822ef6fa82b07958dd45bb/marisa_trie-1.4.1-cp314-cp314-musllinux_1_2_x86_64.whl", hash = "sha256:554308b2b5b034a703c64a0c146383d9aec98538a834c4d985114cbaa987a013", size = 2489796, upload-time = "2026-04-08T07:17:23.477Z" },
    { url = "https://files.pythonhosted.org/packages/be/ea/e79d0471e32a0681d6f9f59560f5dd9748202e1b415340cf8bba338fe123/marisa_trie-1.4.1-cp314-cp314-win32.whl", hash = "sha256:c6fbfa7f7c2f59c48be942bba848f2e378c69286abf93ecbe0b068feb1c22fbc", size = 142994, upload-time = "2026-04-08T07:17:24.784Z" },
    { url = "https://files.pythonhosted.org/packages/13/7f/acb58830aed8dac2509a06ef476f6e59767eca09f08e23f3c8eaf7cfc323/marisa_trie-1.4.1-cp314-cp314-win_amd64.whl", hash = "sha256:e2c8bc2e6ede8f0ea697b050017bb65d43542507c71b32af6e6f1e14a613f9cc", size = 173279, upload-time = "2026-04-08T07:17:26.159Z" },
    { url = "https://files.pythonhosted.org/packages/3d/ac/6a9415c619b3b6fc3bc5a2cc93b3e5e8d61804c95604f20379468ee2214a/marisa_trie-1.4.1-cp314-cp314-win_arm64.whl", hash = "sha256:4bc5d9f65d4a126dc14e32656dbc57a817ac619de731c4a64653285bf3b5e2c2", size = 146116, upload-time = "2026-04-08T07:17:27.225Z" },
    { url = "https://files.pythonhosted.org/packages/30/f1/3e9f3be8ccfd97ddde488a4eb9c7b7a603f1f7ee73d13814483146238c16/marisa_trie-1.4.1-cp314-cp314t-macosx_10_15_x86_64.whl", hash = "sha256:faffeed161b22e343915afb2765a1f6d3cf49faa032a0725abbc69a3b22e0fba", size = 214797, upload-time = "2026-04-08T07:17:28.191Z" },
    { url = "https://files.pythonhosted.org/packages/6c/c3/a11da7513a7eb99e9dcbe46eee97e53c9cb66f4ed253caed46f5d2492f0a/marisa_trie-1.4.1-cp314-cp314t-macosx_11_0_arm64.whl", hash = "sha256:1d52339b0e879f60c8d3f52affc4a4f9acf27692c0bde63d1bd0f9f59b55dc8b", size = 203005, upload-time = "2026-04-08T07:17:29.28Z" },
    { url = "https://files.pythonhosted.org/packages/54/a6/ec11c67e5914873aa5e464c0a83f8b31b3bc6961a71d72a8cafe3591dbcb/marisa_trie-1.4.1-cp314-cp314t-manylinux_2_24_aarch64.manylinux_2_28_aarch64.whl", hash = "sha256:05dd3921622063b82d0c7fc51e79ba509d69a5ee72a6a2c24ee68782e5152c46", size = 1543416, upload-time = "2026-04-08T07:17:30.381Z" },
    { url = "https://files.pythonhosted.org/packages/b3/57/14c5a667663797add840a755bef63b82eca1a07e64fc046875e294af5af0/marisa_trie-1.4.1-cp314-cp314t-manylinux_2_24_x86_64.manylinux_2_28_x86_64.whl", hash = "sha256:faa9ec37e2393e86ca3cb2e568447730654dc3292097232cec1c646f257deac5", size = 1544901, upload-time = "2026-04-08T07:17:31.776Z" },
    { url = "https://files.pythonhosted.org/packages/05/d6/b4d74f2575df3be12cbbab084dbf1db70ca6c9934ca3946d79fc45a8e83b/marisa_trie-1.4.1-cp314-cp314t-musllinux_1_2_aarch64.whl", hash = "sha256:fe64ef107dfad7caeb1f3b49be4893572833f6c3b52312c33b40b80aaa3e9fb8", size = 2447903, upload-time = "2026-04-08T07:17:33.497Z" },
    { url = "https://files.pythonhosted.org/packages/ec/27/e923abac9c578dd6b8726e03c433af6847538fb4db252befd68b9f5a0550/marisa_trie-1.4.1-cp314-cp314t-musllinux_1_2_x86_64.whl", hash = "sha256:7f38aad7e083d2dff8916571f31cb46a761b2d424a0b40d35881b8f108646574", size = 2537191, upload-time = "2026-04-08T07:17:35.242Z" },
    { url = "https://files.pythonhosted.org/packages/53/9d/b553a2a3b1809f376a5ecf03b1e3f267e3c95c39fd0448d275b1b5399452/marisa_trie-1.4.1-cp314-cp314t-win32.whl", hash = "sha256:5154262cc60f88950f6390218e2358b4894cfcb5f22d366dfe9f2f5a7baa4b54", size = 160728, upload-time = "2026-04-08T07:17:36.576Z" },
    { url = "https://files.pythonhosted.org/packages/61/32/dcff70d08a146ca94a2934ca9e3ff641bf1f0e5a7785714874ac5f085c57/marisa_trie-1.4.1-cp314-cp314t-win_amd64.whl", hash = "sha256:4d04ddd3b1e909fed542cba20cc0c2ed4534b479ed2e8809a5182417b8165e29", size = 199138, upload-time = "2026-04-08T07:17:37.69Z" },
    { url = "https://files.pythonhosted.org/packages/ba/ab/693f98813cc0484c99da4fe9b73ca65b7dd15ab8eb4f23d9a6a77c8852f9/marisa_trie-1.4.1-cp314-cp314t-win_arm64.whl", hash = "sha256:41b789fca01625288260a1db113dfb958866ae0d02887610950fd8b0c9e5dcfd", size = 151453, upload-time = "2026-04-08T07:17:39.065Z" },
]

[[package]]
name = "packaging"
version = "26.2"
source = { registry = "https://pypi.org/simple" }
sdist = { url = "https://files.pythonhosted.org/packages/d7/f1/e7a6dd94a8d4a5626c03e4e99c87f241ba9e350cd9e6d75123f992427270/packaging-26.2.tar.gz", hash = "sha256:ff452ff5a3e828ce110190feff1178bb1f2ea2281fa2075aadb987c2fb221661", size = 228134, upload-time = "2026-04-24T20:15:23.917Z" }
wheels = [
    { url = "https://files.pythonhosted.org/packages/df/b2/87e62e8c3e2f4b32e5fe99e0b86d576da1312593b39f47d8ceef365e95ed/packaging-26.2-py3-none-any.whl", hash = "sha256:5fc45236b9446107ff2415ce77c807cee2862cb6fac22b8a73826d0693b0980e", size = 100195, upload-time = "2026-04-24T20:15:22.081Z" },
]

[[package]]
name = "psycopg"
version = "3.3.4"
source = { registry = "https://pypi.org/simple" }
dependencies = [
    { name = "tzdata", marker = "sys_platform == 'win32'" },
]
sdist = { url = "https://files.pythonhosted.org/packages/db/2f/cb91e5502ec9de1de6f1b76cfbf69531932725361168bb06963620c77e2e/psycopg-3.3.4.tar.gz", hash = "sha256:e21207764952cff81b6b8bdacad9a3939f2793367fdac2987b3aac36a651b5bc", size = 165799, upload-time = "2026-05-01T23:31:55.179Z" }
wheels = [
    { url = "https://files.pythonhosted.org/packages/5c/e0/7b3dee031daae7743609ce3c746565d4a3ed7c2c186479eb48e34e838c64/psycopg-3.3.4-py3-none-any.whl", hash = "sha256:b6bbc25ccf05c8fad3b061d9db2ef0909a555171b84b07f29458a447253d679a", size = 213001, upload-time = "2026-05-01T23:20:50.816Z" },
]

[package.optional-dependencies]
binary = [
    { name = "psycopg-binary", marker = "implementation_name != 'pypy'" },
]

[[package]]
name = "psycopg-binary"
version = "3.3.4"
source = { registry = "https://pypi.org/simple" }
wheels = [
    { url = "https://files.pythonhosted.org/packages/09/43/13e9c406fbbf354580476e248a16b64802a376873ebe6339e30bb655572d/psycopg_binary-3.3.4-cp313-cp313-macosx_10_13_x86_64.whl", hash = "sha256:fbd1d4ed566895ad2d3bf4ddfd8bae90026930ddf29df3b9d91d32c8c47866a7", size = 4590377, upload-time = "2026-05-01T23:29:18.782Z" },
    { url = "https://files.pythonhosted.org/packages/22/be/2923cd7c3683e7afdecf4f10796a18de02f5c5ddc0969aa2ad0a8cdd3bbd/psycopg_binary-3.3.4-cp313-cp313-macosx_11_0_arm64.whl", hash = "sha256:75a9067e236f9b9ae3535b66fe99bddb33d39c0de10112e49b9ab11eee53dc31", size = 4669023, upload-time = "2026-05-01T23:29:25.884Z" },
    { url = "https://files.pythonhosted.org/packages/96/a0/2c913d6fe13d6a8bd13597d36739bf47af063ad9399e402cfecab16f3c1e/psycopg_binary-3.3.4-cp313-cp313-manylinux2014_ppc64le.manylinux_2_17_ppc64le.whl", hash = "sha256:b56b603ebcea8aa10b46228b8410ba7f13e7c2ee54389d4d9be0927fd8ce2a70", size = 5467423, upload-time = "2026-05-01T23:29:33.416Z" },
    { url = "https://files.pythonhosted.org/packages/e7/38/205d10bc1ad0df4a21c5c51659126bd3ea0ef98fcad1e852f78c249bb9c3/psycopg_binary-3.3.4-cp313-cp313-manylinux2014_x86_64.manylinux_2_17_x86_64.whl", hash = "sha256:c677c4ad433cb7150c8cd304a0769ae3bcfbe5ea0676eb53faa7b1443b16d0d3", size = 5151137, upload-time = "2026-05-01T23:29:42.013Z" },
    { url = "https://files.pythonhosted.org/packages/36/fc/f0381ddcd45eff3bb70dbca6823a996048d7f507b2ec3fc92c6fabc0fe87/psycopg_binary-3.3.4-cp313-cp313-manylinux_2_27_aarch64.manylinux_2_28_aarch64.whl", hash = "sha256:26df2717e59c0473e4465a97dfb1b7afebaa479277870fd5784d1436470db47c", size = 6736671, upload-time = "2026-05-01T23:29:51.626Z" },
    { url = "https://files.pythonhosted.org/packages/95/40/fa545ae152c24327651e5624e4902121e808270be36c10b12e9939be09bc/psycopg_binary-3.3.4-cp313-cp313-manylinux_2_38_riscv64.manylinux_2_39_riscv64.whl", hash = "sha256:1dc1f79fd16bb1f3f4421417a514607539f17804d95c7ed617265369d1981cae", size = 4979601, upload-time = "2026-05-01T23:29:56.961Z" },
    { url = "https://files.pythonhosted.org/packages/86/e4/2f8a47ee97f90cd2b933d0463081d35631ff419de2b8c984a5f369857de0/psycopg_binary-3.3.4-cp313-cp313-musllinux_1_2_aarch64.whl", hash = "sha256:136f199a407b5348b9b857c504aff60c77622a28482e7195839ce1b51238c4cc", size = 4510513, upload-time = "2026-05-01T23:30:07.243Z" },
    { url = "https://files.pythonhosted.org/packages/0e/0e/94e842ff4a7f98ed162580ca2e8b8864b28c1e0350f2443f8ee47f821167/psycopg_binary-3.3.4-cp313-cp313-musllinux_1_2_ppc64le.whl", hash = "sha256:b6f5a29e9c775b9f12a1a717aa7a2c80f9e1db6f27ba44a5b59c80ac61d2ffcf", size = 4187243, upload-time = "2026-05-01T23:30:15.352Z" },
    { url = "https://files.pythonhosted.org/packages/d0/83/fc6c174b672e29b7de996ea77b6cbddf46c891751c3355f6974292baa6b4/psycopg_binary-3.3.4-cp313-cp313-musllinux_1_2_riscv64.whl", hash = "sha256:ee17a2cf4943cde261adfad1bbc5bf38d6b3776d7afff74c7cabcbeaeb08c260", size = 3927347, upload-time = "2026-05-01T23:30:21.186Z" },
    { url = "https://files.pythonhosted.org/packages/e9/65/768364d4a97a15b1a7f47ba52688c1686f22941d8332a8398cefc468e25f/psycopg_binary-3.3.4-cp313-cp313-musllinux_1_2_x86_64.whl", hash = "sha256:5c4ab71be17bdca30cb34c34c4e1496e2f5d6f20c199c12bad226070b22ef9bf", size = 4236393, upload-time = "2026-05-01T23:30:26.211Z" },
    { url = "https://files.pythonhosted.org/packages/bd/3b/218efbc9e645becd80cdf651acda05f85cfe546b7a9c0458c7cbc8fe1f74/psycopg_binary-3.3.4-cp313-cp313-win_amd64.whl", hash = "sha256:dbfdb9b6cc79f31104a7b162a2b921b765fcc62af6c00540a167a8de47e4ed38", size = 3564592, upload-time = "2026-05-01T23:30:31.764Z" },
    { url = "https://files.pythonhosted.org/packages/48/a6/828c9185701dab71b234c2a76c38a08b098ebfec5020716b4e93807492b5/psycopg_binary-3.3.4-cp314-cp314-macosx_10_15_x86_64.whl", hash = "sha256:28b7398fdd19db3232c884fb24550bdfe951221f510e195e233299e4c9b78f97", size = 4607292, upload-time = "2026-05-01T23:30:38.962Z" },
    { url = "https://files.pythonhosted.org/packages/92/58/5b40dbc9d839045c9dae956960e4fb6d20bcabe6c59a2aa34fc3a371913f/psycopg_binary-3.3.4-cp314-cp314-macosx_11_0_arm64.whl", hash = "sha256:1fbaa292a3c8bb61b45df1ad3da1908ccee7cb889db9425e3557d9e34e2a4829", size = 4687023, upload-time = "2026-05-01T23:30:47.227Z" },
    { url = "https://files.pythonhosted.org/packages/85/a9/793f0ac107a9003b48441d0d1f9f616d96e0f37458dd8dc12528ceff55fb/psycopg_binary-3.3.4-cp314-cp314-manylinux2014_ppc64le.manylinux_2_17_ppc64le.whl", hash = "sha256:94596f9e7633ee3f6440711d43bb70aa31cc0a46a900ab8b4201a366ace5c9e7", size = 5486985, upload-time = "2026-05-01T23:30:55.517Z" },
    { url = "https://files.pythonhosted.org/packages/8f/26/42e8533497e2592334f68ec529cf5f840f7fa4e99575a4bb61aa184dbfbf/psycopg_binary-3.3.4-cp314-cp314-manylinux2014_x86_64.manylinux_2_17_x86_64.whl", hash = "sha256:8c0056529e68dbe9184cd4019a1f3d8f3a4ead2f6fc7a5afcf27d3314edd1277", size = 5168745, upload-time = "2026-05-01T23:31:01.904Z" },
    { url = "https://files.pythonhosted.org/packages/15/af/b7151776cc08d5935d45c833ec818a9beb417cf7c08239af1aafbdae78ee/psycopg_binary-3.3.4-cp314-cp314-manylinux_2_27_aarch64.manylinux_2_28_aarch64.whl", hash = "sha256:2c09aad7051326e7603c14e50636db9c01f78272dc54b3accff03d46370461e6", size = 6761486, upload-time = "2026-05-01T23:31:14.511Z" },
    { url = "https://files.pythonhosted.org/packages/d0/ed/c92533b9124712d592cbf1cd6c76da933a2e0acea81dfe1fbe7e735f0cff/psycopg_binary-3.3.4-cp314-cp314-manylinux_2_38_riscv64.manylinux_2_39_riscv64.whl", hash = "sha256:514404ed543efd620c85602b747df2a23cf1241b4067199e1a66f2d2757aaa41", size = 4997427, upload-time = "2026-05-01T23:31:20.901Z" },
    { url = "https://files.pythonhosted.org/packages/a2/23/ccadfd0de416aa188356daa199453af24087b042e296088706d190ae0295/psycopg_binary-3.3.4-cp314-cp314-musllinux_1_2_aarch64.whl", hash = "sha256:46893c26858be12cc49ca4226ed6a60b4bfccadd946b3bebb783a60b38788228", size = 4533549, upload-time = "2026-05-01T23:31:26.204Z" },
    { url = "https://files.pythonhosted.org/packages/fd/a0/c8f43cee36386f7bc891ab41a9d31ea07cf9826038e732da79f26b1e5f34/psycopg_binary-3.3.4-cp314-cp314-musllinux_1_2_ppc64le.whl", hash = "sha256:df1d567fc430f6df15c9fcf67d87685fc49bdb325adc0db5af1adfb2f44eb5c9", size = 4210256, upload-time = "2026-05-01T23:31:33.884Z" },
    { url = "https://files.pythonhosted.org/packages/4e/2c/c1547871be3790676e8868b38655496422f94f0978dfb66b74bdba2f1676/psycopg_binary-3.3.4-cp314-cp314-musllinux_1_2_riscv64.whl", hash = "sha256:6b9016b1714da4dd5ecaaa75b82098aa5a0b87854ce9b092e21c27c4ae23e014", size = 3946204, upload-time = "2026-05-01T23:31:39.626Z" },
    { url = "https://files.pythonhosted.org/packages/c4/b1/f6670f00fa7ea601584623f6c11602ab92117d83eaff885e0210f6de7418/psycopg_binary-3.3.4-cp314-cp314-musllinux_1_2_x86_64.whl", hash = "sha256:47c656a8a7ba6eb0cff1801a4caaa9c8bdc12d03080e273aff1c8ac39971a77e", size = 4255811, upload-time = "2026-05-01T23:31:44.986Z" },
    { url = "https://files.pythonhosted.org/packages/eb/e6/5fff07a70d1f945ed90ae131c3bd76cab32beff7c58c6db15ad5820b6d1f/psycopg_binary-3.3.4-cp314-cp314-win_amd64.whl", hash = "sha256:c37e024c07308cd06cf3ec51bfd0e7f6157585a4d84d1bce4a7f5f7913719bf8", size = 3666849, upload-time = "2026-05-01T23:31:51.165Z" },
]

[[package]]
name = "python-dotenv"
version = "1.2.2"
source = { registry = "https://pypi.org/simple" }
sdist = { url = "https://files.pythonhosted.org/packages/82/ed/0301aeeac3e5353ef3d94b6ec08bbcabd04a72018415dcb29e588514bba8/python_dotenv-1.2.2.tar.gz", hash = "sha256:2c371a91fbd7ba082c2c1dc1f8bf89ca22564a087c2c287cd9b662adde799cf3", size = 50135, upload-time = "2026-03-01T16:00:26.196Z" }
wheels = [
    { url = "https://files.pythonhosted.org/packages/0b/d7/1959b9648791274998a9c3526f6d0ec8fd2233e4d4acce81bbae76b44b2a/python_dotenv-1.2.2-py3-none-any.whl", hash = "sha256:1d8214789a24de455a8b8bd8ae6fe3c6b69a5e3d64aa8a8e5d68e694bbcb285a", size = 22101, upload-time = "2026-03-01T16:00:25.09Z" },
]

[[package]]
name = "sqlparse"
version = "0.5.5"
source = { registry = "https://pypi.org/simple" }
sdist = { url = "https://files.pythonhosted.org/packages/90/76/437d71068094df0726366574cf3432a4ed754217b436eb7429415cf2d480/sqlparse-0.5.5.tar.gz", hash = "sha256:e20d4a9b0b8585fdf63b10d30066c7c94c5d7a7ec47c889a2d83a3caa93ff28e", size = 120815, upload-time = "2025-12-19T07:17:45.073Z" }
wheels = [
    { url = "https://files.pythonhosted.org/packages/49/4b/359f28a903c13438ef59ebeee215fb25da53066db67b305c125f1c6d2a25/sqlparse-0.5.5-py3-none-any.whl", hash = "sha256:12a08b3bf3eec877c519589833aed092e2444e68240a3577e8e26148acc7b1ba", size = 46138, upload-time = "2025-12-19T07:17:46.573Z" },
]

[[package]]
name = "tzdata"
version = "2026.2"
source = { registry = "https://pypi.org/simple" }
sdist = { url = "https://files.pythonhosted.org/packages/ba/19/1b9b0e29f30c6d35cb345486df41110984ea67ae69dddbc0e8a100999493/tzdata-2026.2.tar.gz", hash = "sha256:9173fde7d80d9018e02a662e168e5a2d04f87c41ea174b139fbef642eda62d10", size = 198254, upload-time = "2026-04-24T15:22:08.651Z" }
wheels = [
    { url = "https://files.pythonhosted.org/packages/ce/e4/dccd7f47c4b64213ac01ef921a1337ee6e30e8c6466046018326977efd95/tzdata-2026.2-py2.py3-none-any.whl", hash = "sha256:bbe9af844f658da81a5f95019480da3a89415801f6cc966806612cc7169bffe7", size = 349321, upload-time = "2026-04-24T15:22:05.876Z" },
]

[[package]]
name = "whitenoise"
version = "6.12.0"
source = { registry = "https://pypi.org/simple" }
sdist = { url = "https://files.pythonhosted.org/packages/cb/2a/55b3f3a4ec326cd077c1c3defeee656b9298372a69229134d930151acd01/whitenoise-6.12.0.tar.gz", hash = "sha256:f723ebb76a112e98816ff80fcea0a6c9b8ecde835f8ddda25df7a30a3c2db6ad", size = 26841, upload-time = "2026-02-27T00:05:42.028Z" }
wheels = [
    { url = "https://files.pythonhosted.org/packages/db/eb/d5583a11486211f3ebd4b385545ae787f32363d453c19fffd81106c9c138/whitenoise-6.12.0-py3-none-any.whl", hash = "sha256:fc5e8c572e33ebf24795b47b6a7da8da3c00cff2349f5b04c02f28d0cc5a3cc2", size = 20302, upload-time = "2026-02-27T00:05:40.086Z" },
]

[[package]]
name = "yt-dlp"
version = "2026.6.9"
source = { registry = "https://pypi.org/simple" }
sdist = { url = "https://files.pythonhosted.org/packages/88/a4/1b0979d28f87774bb67fbbc66bce44f9dd1aa0e547a99e22985fac945c33/yt_dlp-2026.6.9.tar.gz", hash = "sha256:d50fcb95f48d61bedde33e408c1881d4c279e51c31354a599ce09e96ba0f4b86", size = 3030590, upload-time = "2026-06-09T23:27:14.831Z" }
wheels = [
    { url = "https://files.pythonhosted.org/packages/f3/ee/188a3dadf9dfdac713243521f919feca1cd091d4358c9ea7e8ebb710a7cc/yt_dlp-2026.6.9-py3-none-any.whl", hash = "sha256:442ba4c75724b9496144c8434b617962ee08d0ee7c26ec663848fe9b78d5a3e4", size = 3169035, upload-time = "2026-06-09T23:27:12.58Z" },
]
